
Microsoft Visual Studio Solution File, Format Version 12.00
# Visual Studio 15
VisualStudioVersion = 15.0.26730.12
MinimumVisualStudioVersion = 10.0.40219.1
Project("{9A19103F-16F7-4668-BE54-9A1E7A4F7556}") = "web", "web\web.csproj", "{DBED1B22-50D9-464D-8CD3-31B765046F1A}"
EndProject
Project("{9A19103F-16F7-4668-BE54-9A1E7A4F7556}") = "eshopapi", "api\eshopapi.csproj", "{7D2C3C41-CBE1-46F7-BC17-21DA128930F4}"
EndProject
Global
	GlobalSection(SolutionConfigurationPlatforms) = preSolution
		Debug|Any CPU = Debug|Any CPU
		Release|Any CPU = Release|Any CPU
	EndGlobalSection
	GlobalSection(ProjectConfigurationPlatforms) = postSolution
		{DBED1B22-50D9-464D-8CD3-31B765046F1A}.Debug|Any CPU.ActiveCfg = Debug|Any CPU
		{DBED1B22-50D9-464D-8CD3-31B765046F1A}.Debug|Any CPU.Build.0 = Debug|Any CPU
		{DBED1B22-50D9-464D-8CD3-31B765046F1A}.Release|Any CPU.ActiveCfg = Release|Any CPU
		{DBED1B22-50D9-464D-8CD3-31B765046F1A}.Release|Any CPU.Build.0 = Release|Any CPU
		{7D2C3C41-CBE1-46F7-BC17-21DA128930F4}.Debug|Any CPU.ActiveCfg = Debug|Any CPU
		{7D2C3C41-CBE1-46F7-BC17-21DA128930F4}.Debug|Any CPU.Build.0 = Debug|Any CPU
		{7D2C3C41-CBE1-46F7-BC17-21DA128930F4}.Release|Any CPU.ActiveCfg = Release|Any CPU
		{7D2C3C41-CBE1-46F7-BC17-21DA128930F4}.Release|Any CPU.Build.0 = Release|Any CPU
	EndGlobalSection
	GlobalSection(SolutionProperties) = preSolution
		HideSolutionNode = FALSE
	EndGlobalSection
	GlobalSection(ExtensibilityGlobals) = postSolution
		SolutionGuid = {E95A9CF4-3A9E-4B39-AA51-C204289046C8}
	EndGlobalSection
EndGlobal
